// !$*UTF8*$!
{
	archiveVersion = 1;
	classes = {
	};
	objectVersion = 46;
	objects = {

/* Begin PBXBuildFile section */
		772D81A81D22AF6000DBB57A /* main.m in Sources */ = {isa = PBXBuildFile; fileRef = 772D81A71D22AF6000DBB57A /* main.m */; };
		772D81AB1D22AF6000DBB57A /* AppDelegate.m in Sources */ = {isa = PBXBuildFile; fileRef = 772D81AA1D22AF6000DBB57A /* AppDelegate.m */; };
		772D81AE1D22AF6000DBB57A /* ViewController.m in Sources */ = {isa = PBXBuildFile; fileRef = 772D81AD1D22AF6000DBB57A /* ViewController.m */; };
		772D81B11D22AF6000DBB57A /* Main.storyboard in Resources */ = {isa = PBXBuildFile; fileRef = 772D81AF1D22AF6000DBB57A /* Main.storyboard */; };
		772D81B31D22AF6000DBB57A /* Assets.xcassets in Resources */ = {isa = PBXBuildFile; fileRef = 772D81B21D22AF6000DBB57A /* Assets.xcassets */; };
		772D81B61D22AF6000DBB57A /* LaunchScreen.storyboard in Resources */ = {isa = PBXBuildFile; fileRef = 772D81B41D22AF6000DBB57A /* LaunchScreen.storyboard */; };
		772D81C11D22AF6000DBB57A /* ReGeoCodingTests.m in Sources */ = {isa = PBXBuildFile; fileRef = 772D81C01D22AF6000DBB57A /* ReGeoCodingTests.m */; };
		772D81CC1D22AF6B00DBB57A /* CoreLocation.framework in Frameworks */ = {isa = PBXBuildFile; fileRef = 772D81CB1D22AF6B00DBB57A /* CoreLocation.framework */; };
/* End PBXBuildFile section */

/* Begin PBXContainerItemProxy section */
		772D81BD1D22AF6000DBB57A /* PBXContainerItemProxy */ = {
			isa = PBXContainerItemProxy;
			containerPortal = 772D819B1D22AF6000DBB57A /* Project object */;
			proxyType = 1;
			remoteGlobalIDString = 772D81A21D22AF6000DBB57A;
			remoteInfo = ReGeoCoding;
		};
/* End PBXContainerItemProxy section */

/* Begin PBXFileReference section */
		772D81A31D22AF6000DBB57A /* ReGeoCoding.app */ = {isa = PBXFileReference; explicitFileType = wrapper.application; includeInIndex = 0; path = ReGeoCoding.app; sourceTree = BUILT_PRODUCTS_DIR; };
		772D81A71D22AF6000DBB57A /* main.m */ = {isa = PBXFileReference; lastKnownFileType = sourcecode.c.objc; path = main.m; sourceTree = "<group>"; };
		772D81A91D22AF6000DBB57A /* AppDelegate.h */ = {isa = PBXFileReference; lastKnownFileType = sourcecode.c.h; path = AppDelegate.h; sourceTree = "<group>"; };
		772D81AA1D22AF6000DBB57A /* AppDelegate.m */ = {isa = PBXFileReference; lastKnownFileType = sourcecode.c.objc; path = AppDelegate.m; sourceTree = "<group>"; };
		772D81AC1D22AF6000DBB57A /* ViewController.h */ = {isa = PBXFileReference; lastKnownFileType = sourcecode.c.h; path = ViewController.h; sourceTree = "<group>"; };
		772D81AD1D22AF6000DBB57A /* ViewController.m */ = {isa = PBXFileReference; lastKnownFileType = sourcecode.c.objc; path = ViewController.m; sourceTree = "<group>"; };
		772D81B01D22AF6000DBB57A /* Base */ = {isa = PBXFileReference; lastKnownFileType = file.storyboard; name = Base; path = Base.lproj/Main.storyboard; sourceTree = "<group>"; };
		772D81B21D22AF6000DBB57A /* Assets.xcassets */ = {isa = PBXFileReference; lastKnownFileType = folder.assetcatalog; path = Assets.xcassets; sourceTree = "<group>"; };
		772D81B51D22AF6000DBB57A /* Base */ = {isa = PBXFileReference; lastKnownFileType = file.storyboard; name = Base; path = Base.lproj/LaunchScreen.storyboard; sourceTree = "<group>"; };
		772D81B71D22AF6000DBB57A /* Info.plist */ = {isa = PBXFileReference; lastKnownFileType = text.plist.xml; path = Info.plist; sourceTree = "<group>"; };
		772D81BC1D22AF6000DBB57A /* ReGeoCodingTests.xctest */ = {isa = PBXFileReference; explicitFileType = wrapper.cfbundle; includeInIndex = 0; path = ReGeoCodingTests.xctest; sourceTree = BUILT_PRODUCTS_DIR; };
		772D81C01D22AF6000DBB57A /* ReGeoCodingTests.m */ = {isa = PBXFileReference; lastKnownFileType = sourcecode.c.objc; path = ReGeoCodingTests.m; sourceTree = "<group>"; };
		772D81C21D22AF6000DBB57A /* Info.plist */ = {isa = PBXFileReference; lastKnownFileType = text.plist.xml; path = Info.plist; sourceTree = "<group>"; };
		772D81CB1D22AF6B00DBB57A /* CoreLocation.framework */ = {isa = PBXFileReference; lastKnownFileType = wrapper.framework; name = CoreLocation.framework; path = System/Library/Frameworks/CoreLocation.framework; sourceTree = SDKROOT; };
/* End PBXFileReference section */

/* Begin PBXFrameworksBuildPhase section */
		772D81A01D22AF6000DBB57A /* Frameworks */ = {
			isa = PBXFrameworksBuildPhase;
			buildActionMask = 2147483647;
			files = (
				772D81CC1D22AF6B00DBB57A /* CoreLocation.framework in Frameworks */,
			);
			runOnlyForDeploymentPostprocessing = 0;
		};
		772D81B91D22AF6000DBB57A /* Frameworks */ = {
			isa = PBXFrameworksBuildPhase;
			buildActionMask = 2147483647;
			files = (
			);
			runOnlyForDeploymentPostprocessing = 0;
		};
/* End PBXFrameworksBuildPhase section */

/* Begin PBXGroup section */
		772D819A1D22AF6000DBB57A = {
			isa = PBXGroup;
			children = (
				772D81CB1D22AF6B00DBB57A /* CoreLocation.framework */,
				772D81A51D22AF6000DBB57A /* ReGeoCoding */,
				772D81BF1D22AF6000DBB57A /* ReGeoCodingTests */,
				772D81A41D22AF6000DBB57A /* Products */,
			);
			sourceTree = "<group>";
		};
		772D81A41D22AF6000DBB57A /* Products */ = {
			isa = PBXGroup;
			children = (
				772D81A31D22AF6000DBB57A /* ReGeoCoding.app */,
				772D81BC1D22AF6000DBB57A /* ReGeoCodingTests.xctest */,
			);
			name = Products;
			sourceTree = "<group>";
		};
		772D81A51D22AF6000DBB57A /* ReGeoCoding */ = {
			isa = PBXGroup;
			children = (
				772D81A91D22AF6000DBB57A /* AppDelegate.h */,
				772D81AA1D22AF6000DBB57A /* AppDelegate.m */,
				772D81AC1D22AF6000DBB57A /* ViewController.h */,
				772D81AD1D22AF6000DBB57A /* ViewController.m */,
				772D81AF1D22AF6000DBB57A /* Main.storyboard */,
				772D81B21D22AF6000DBB57A /* Assets.xcassets */,
				772D81B41D22AF6000DBB57A /* LaunchScreen.storyboard */,
				772D81B71D22AF6000DBB57A /* Info.plist */,
				772D81A61D22AF6000DBB57A /* Supporting Files */,
			);
			path = ReGeoCoding;
			sourceTree = "<group>";
		};
		772D81A61D22AF6000DBB57A /* Supporting Files */ = {
			isa = PBXGroup;
			children = (
				772D81A71D22AF6000DBB57A /* main.m */,
			);
			name = "Supporting Files";
			sourceTree = "<group>";
		};
		772D81BF1D22AF6000DBB57A /* ReGeoCodingTests */ = {
			isa = PBXGroup;
			children = (
				772D81C01D22AF6000DBB57A /* ReGeoCodingTests.m */,
				772D81C21D22AF6000DBB57A /* Info.plist */,
			);
			path = ReGeoCodingTests;
			sourceTree = "<group>";
		};
/* End PBXGroup section */

/* Begin PBXNativeTarget section */
		772D81A21D22AF6000DBB57A /* ReGeoCoding */ = {
			isa = PBXNativeTarget;
			buildConfigurationList = 772D81C51D22AF6000DBB57A /* Build configuration list for PBXNativeTarget "ReGeoCoding" */;
			buildPhases = (
				772D819F1D22AF6000DBB57A /* Sources */,
				772D81A01D22AF6000DBB57A /* Frameworks */,
				772D81A11D22AF6000DBB57A /* Resources */,
			);
			buildRules = (
			);
			dependencies = (
			);
			name = ReGeoCoding;
			productName = ReGeoCoding;
			productReference = 772D81A31D22AF6000DBB57A /* ReGeoCoding.app */;
			productType = "com.apple.product-type.application";
		};
		772D81BB1D22AF6000DBB57A /* ReGeoCodingTests */ = {
			isa = PBXNativeTarget;
			buildConfigurationList = 772D81C81D22AF6000DBB57A /* Build configuration list for PBXNativeTarget "ReGeoCodingTests" */;
			buildPhases = (
				772D81B81D22AF6000DBB57A /* Sources */,
				772D81B91D22AF6000DBB57A /* Frameworks */,
				772D81BA1D22AF6000DBB57A /* Resources */,
			);
			buildRules = (
			);
			dependencies = (
				772D81BE1D22AF6000DBB57A /* PBXTargetDependency */,
			);
			name = ReGeoCodingTests;
			productName = ReGeoCodingTests;
			productReference = 772D81BC1D22AF6000DBB57A /* ReGeoCodingTests.xctest */;
			productType = "com.apple.product-type.bundle.unit-test";
		};
/* End PBXNativeTarget section */

/* Begin PBXProject section */
		772D819B1D22AF6000DBB57A /* Project object */ = {
			isa = PBXProject;
			attributes = {
				LastUpgradeCheck = 0730;
				ORGANIZATIONNAME = zhangbin;
				TargetAttributes = {
					772D81A21D22AF6000DBB57A = {
						CreatedOnToolsVersion = 7.3;
					};
					772D81BB1D22AF6000DBB57A = {
						CreatedOnToolsVersion = 7.3;
						TestTargetID = 772D81A21D22AF6000DBB57A;
					};
				};
			};
			buildConfigurationList = 772D819E1D22AF6000DBB57A /* Build configuration list for PBXProject "ReGeoCoding" */;
			compatibilityVersion = "Xcode 3.2";
			developmentRegion = English;
			hasScannedForEncodings = 0;
			knownRegions = (
				en,
				Base,
			);
			mainGroup = 772D819A1D22AF6000DBB57A;
			productRefGroup = 772D81A41D22AF6000DBB57A /* Products */;
			projectDirPath = "";
			projectRoot = "";
			targets = (
				772D81A21D22AF6000DBB57A /* ReGeoCoding */,
				772D81BB1D22AF6000DBB57A /* ReGeoCodingTests */,
			);
		};
/* End PBXProject section */

/* Begin PBXResourcesBuildPhase section */
		772D81A11D22AF6000DBB57A /* Resources */ = {
			isa = PBXResourcesBuildPhase;
			buildActionMask = 2147483647;
			files = (
				772D81B61D22AF6000DBB57A /* LaunchScreen.storyboard in Resources */,
				772D81B31D22AF6000DBB57A /* Assets.xcassets in Resources */,
				772D81B11D22AF6000DBB57A /* Main.storyboard in Resources */,
			);
			runOnlyForDeploymentPostprocessing = 0;
		};
		772D81BA1D22AF6000DBB57A /* Resources */ = {
			isa = PBXResourcesBuildPhase;
			buildActionMask = 2147483647;
			files = (
			);
			runOnlyForDeploymentPostprocessing = 0;
		};
/* End PBXResourcesBuildPhase section */

/* Begin PBXSourcesBuildPhase section */
		772D819F1D22AF6000DBB57A /* Sources */ = {
			isa = PBXSourcesBuildPhase;
			buildActionMask = 2147483647;
			files = (
				772D81AE1D22AF6000DBB57A /* ViewController.m in Sources */,
				772D81AB1D22AF6000DBB57A /* AppDelegate.m in Sources */,
				772D81A81D22AF6000DBB57A /* main.m in Sources */,
			);
			runOnlyForDeploymentPostprocessing = 0;
		};
		772D81B81D22AF6000DBB57A /* Sources */ = {
			isa = PBXSourcesBuildPhase;
			buildActionMask = 2147483647;
			files = (
				772D81C11D22AF6000DBB57A /* ReGeoCodingTests.m in Sources */,
			);
			runOnlyForDeploymentPostprocessing = 0;
		};
/* End PBXSourcesBuildPhase section */

/* Begin PBXTargetDependency section */
		772D81BE1D22AF6000DBB57A /* PBXTargetDependency */ = {
			isa = PBXTargetDependency;
			target = 772D81A21D22AF6000DBB57A /* ReGeoCoding */;
			targetProxy = 772D81BD1D22AF6000DBB57A /* PBXContainerItemProxy */;
		};
/* End PBXTargetDependency section */

/* Begin PBXVariantGroup section */
		772D81AF1D22AF6000DBB57A /* Main.storyboard */ = {
			isa = PBXVariantGroup;
			children = (
				772D81B01D22AF6000DBB57A /* Base */,
			);
			name = Main.storyboard;
			sourceTree = "<group>";
		};
		772D81B41D22AF6000DBB57A /* LaunchScreen.storyboard */ = {
			isa = PBXVariantGroup;
			children = (
				772D81B51D22AF6000DBB57A /* Base */,
			);
			name = LaunchScreen.storyboard;
			sourceTree = "<group>";
		};
/* End PBXVariantGroup section */

/* Begin XCBuildConfiguration section */
		772D81C31D22AF6000DBB57A /* Debug */ = {
			isa = XCBuildConfiguration;
			buildSettings = {
				ALWAYS_SEARCH_USER_PATHS = NO;
				CLANG_ANALYZER_NONNULL = YES;
				CLANG_CXX_LANGUAGE_STANDARD = "gnu++0x";
				CLANG_CXX_LIBRARY = "libc++";
				CLANG_ENABLE_MODULES = YES;
				CLANG_ENABLE_OBJC_ARC = YES;
				CLANG_WARN_BOOL_CONVERSION = YES;
				CLANG_WARN_CONSTANT_CONVERSION = YES;
				CLANG_WARN_DIRECT_OBJC_ISA_USAGE = YES_ERROR;
				CLANG_WARN_EMPTY_BODY = YES;
				CLANG_WARN_ENUM_CONVERSION = YES;
				CLANG_WARN_INT_CONVERSION = YES;
				CLANG_WARN_OBJC_ROOT_CLASS = YES_ERROR;
				CLANG_WARN_UNREACHABLE_CODE = YES;
				CLANG_WARN__DUPLICATE_METHOD_MATCH = YES;
				"CODE_SIGN_IDENTITY[sdk=iphoneos*]" = "iPhone Developer";
				COPY_PHASE_STRIP = NO;
				DEBUG_INFORMATION_FORMAT = dwarf;
				ENABLE_STRICT_OBJC_MSGSEND = YES;
				ENABLE_TESTABILITY = YES;
				GCC_C_LANGUAGE_STANDARD = gnu99;
				GCC_DYNAMIC_NO_PIC = NO;
				GCC_NO_COMMON_BLOCKS = YES;
				GCC_OPTIMIZATION_LEVEL = 0;
				GCC_PREPROCESSOR_DEFINITIONS = (
					"DEBUG=1",
					"$(inherited)",
				);
				GCC_WARN_64_TO_32_BIT_CONVERSION = YES;
				GCC_WARN_ABOUT_RETURN_TYPE = YES_ERROR;
				GCC_WARN_UNDECLARED_SELECTOR = YES;
				GCC_WARN_UNINITIALIZED_AUTOS = YES_AGGRESSIVE;
				GCC_WARN_UNUSED_FUNCTION = YES;
				GCC_WARN_UNUSED_VARIABLE = YES;
				IPHONEOS_DEPLOYMENT_TARGET = 9.3;
				MTL_ENABLE_DEBUG_INFO = YES;
				ONLY_ACTIVE_ARCH = YES;
				SDKROOT = iphoneos;
			};
			name = Debug;
		};
		772D81C41D22AF6000DBB57A /* Release */ = {
			isa = XCBuildConfiguration;
			buildSettings = {
				ALWAYS_SEARCH_USER_PATHS = NO;
				CLANG_ANALYZER_NONNULL = YES;
				CLANG_CXX_LANGUAGE_STANDARD = "gnu++0x";
				CLANG_CXX_LIBRARY = "libc++";
				CLANG_ENABLE_MODULES = YES;
				CLANG_ENABLE_OBJC_ARC = YES;
				CLANG_WARN_BOOL_CONVERSION = YES;
				CLANG_WARN_CONSTANT_CONVERSION = YES;
				CLANG_WARN_DIRECT_OBJC_ISA_USAGE = YES_ERROR;
				CLANG_WARN_EMPTY_BODY = YES;
				CLANG_WARN_ENUM_CONVERSION = YES;
				CLANG_WARN_INT_CONVERSION = YES;
				CLANG_WARN_OBJC_ROOT_CLASS = YES_ERROR;
				CLANG_WARN_UNREACHABLE_CODE = YES;
				CLANG_WARN__DUPLICATE_METHOD_MATCH = YES;
				"CODE_SIGN_IDENTITY[sdk=iphoneos*]" = "iPhone Developer";
				COPY_PHASE_STRIP = NO;
				DEBUG_INFORMATION_FORMAT = "dwarf-with-dsym";
				ENABLE_NS_ASSERTIONS = NO;
				ENABLE_STRICT_OBJC_MSGSEND = YES;
				GCC_C_LANGUAGE_STANDARD = gnu99;
				GCC_NO_COMMON_BLOCKS = YES;
				GCC_WARN_64_TO_32_BIT_CONVERSION = YES;
				GCC_WARN_ABOUT_RETURN_TYPE = YES_ERROR;
				GCC_WARN_UNDECLARED_SELECTOR = YES;
				GCC_WARN_UNINITIALIZED_AUTOS = YES_AGGRESSIVE;
				GCC_WARN_UNUSED_FUNCTION = YES;
				GCC_WARN_UNUSED_VARIABLE = YES;
				IPHONEOS_DEPLOYMENT_TARGET = 9.3;
				MTL_ENABLE_DEBUG_INFO = NO;
				SDKROOT = iphoneos;
				VALIDATE_PRODUCT = YES;
			};
			name = Release;
		};
		772D81C61D22AF6000DBB57A /* Debug */ = {
			isa = XCBuildConfiguration;
			buildSettings = {
				ASSETCATALOG_COMPILER_APPICON_NAME = AppIcon;
				INFOPLIST_FILE = ReGeoCoding/Info.plist;
				LD_RUNPATH_SEARCH_PATHS = "$(inherited) @executable_path/Frameworks";
				PRODUCT_BUNDLE_IDENTIFIER = zhangbin.ReGeoCoding;
				PRODUCT_NAME = "$(TARGET_NAME)";
			};
			name = Debug;
		};
		772D81C71D22AF6000DBB57A /* Release */ = {
			isa = XCBuildConfiguration;
			buildSettings = {
				ASSETCATALOG_COMPILER_APPICON_NAME = AppIcon;
				INFOPLIST_FILE = ReGeoCoding/Info.plist;
				LD_RUNPATH_SEARCH_PATHS = "$(inherited) @executable_path/Frameworks";
				PRODUCT_BUNDLE_IDENTIFIER = zhangbin.ReGeoCoding;
				PRODUCT_NAME = "$(TARGET_NAME)";
			};
			name = Release;
		};
		772D81C91D22AF6000DBB57A /* Debug */ = {
			isa = XCBuildConfiguration;
			buildSettings = {
				BUNDLE_LOADER = "$(TEST_HOST)";
				INFOPLIST_FILE = ReGeoCodingTests/Info.plist;
				LD_RUNPATH_SEARCH_PATHS = "$(inherited) @executable_path/Frameworks @loader_path/Frameworks";
				PRODUCT_BUNDLE_IDENTIFIER = zhangbin.ReGeoCodingTests;
				PRODUCT_NAME = "$(TARGET_NAME)";
				TEST_HOST = "$(BUILT_PRODUCTS_DIR)/ReGeoCoding.app/ReGeoCoding";
			};
			name = Debug;
		};
		772D81CA1D22AF6000DBB57A /* Release */ = {
			isa = XCBuildConfiguration;
			buildSettings = {
				BUNDLE_LOADER = "$(TEST_HOST)";
				INFOPLIST_FILE = ReGeoCodingTests/Info.plist;
				LD_RUNPATH_SEARCH_PATHS = "$(inherited) @executable_path/Frameworks @loader_path/Frameworks";
				PRODUCT_BUNDLE_IDENTIFIER = zhangbin.ReGeoCodingTests;
				PRODUCT_NAME = "$(TARGET_NAME)";
				TEST_HOST = "$(BUILT_PRODUCTS_DIR)/ReGeoCoding.app/ReGeoCoding";
			};
			name = Release;
		};
/* End XCBuildConfiguration section */

/* Begin XCConfigurationList section */
		772D819E1D22AF6000DBB57A /* Build configuration list for PBXProject "ReGeoCoding" */ = {
			isa = XCConfigurationList;
			buildConfigurations = (
				772D81C31D22AF6000DBB57A /* Debug */,
				772D81C41D22AF6000DBB57A /* Release */,
			);
			defaultConfigurationIsVisible = 0;
			defaultConfigurationName = Release;
		};
		772D81C51D22AF6000DBB57A /* Build configuration list for PBXNativeTarget "ReGeoCoding" */ = {
			isa = XCConfigurationList;
			buildConfigurations = (
				772D81C61D22AF6000DBB57A /* Debug */,
				772D81C71D22AF6000DBB57A /* Release */,
			);
			defaultConfigurationIsVisible = 0;
		};
		772D81C81D22AF6000DBB57A /* Build configuration list for PBXNativeTarget "ReGeoCodingTests" */ = {
			isa = XCConfigurationList;
			buildConfigurations = (
				772D81C91D22AF6000DBB57A /* Debug */,
				772D81CA1D22AF6000DBB57A /* Release */,
			);
			defaultConfigurationIsVisible = 0;
		};
/* End XCConfigurationList section */
	};
	rootObject = 772D819B1D22AF6000DBB57A /* Project object */;
}
